
Microsoft Visual Studio Solution File, Format Version 12.00
# Visual Studio 14
VisualStudioVersion = 14.0.25420.1
MinimumVisualStudioVersion = 10.0.40219.1
Project("{FAE04EC0-301F-11D3-BF4B-00C04F79EFBC}") = "Entrainement", "Entrainement\Entrainement.csproj", "{718DDF45-4BCC-440F-A9F2-DE214A9736A7}"
EndProject
Project("{FAE04EC0-301F-11D3-BF4B-00C04F79EFBC}") = "Trombinoscope", "Trombinoscope\Trombinoscope.csproj", "{49F89733-B411-4CD7-875B-1319F0826469}"
EndProject
Project("{FAE04EC0-301F-11D3-BF4B-00C04F79EFBC}") = "FenetreParamétrage", "FenetreParamétrage\FenetreParamétrage.csproj", "{A249ABAB-631E-43A6-B76C-E0787A9927E8}"
EndProject
Project("{FAE04EC0-301F-11D3-BF4B-00C04F79EFBC}") = "Explorateur", "Explorateur\Explorateur.csproj", "{BD3956D5-6AA3-40D1-8AA9-17C1C2BD9ACF}"
EndProject
Project("{FAE04EC0-301F-11D3-BF4B-00C04F79EFBC}") = "Binding", "Binding\Binding.csproj", "{A459271C-8983-4252-B2AF-05B9307581CE}"
EndProject
Project("{FAE04EC0-301F-11D3-BF4B-00C04F79EFBC}") = "Relevésmétéo", "Relevés météo\Relevésmétéo.csproj", "{1503E7BA-32E4-47F5-8FF4-9C7431C1FF84}"
EndProject
Project("{FAE04EC0-301F-11D3-BF4B-00C04F79EFBC}") = "SaisieDeTaches", "SaisieDeTaches\SaisieDeTaches.csproj", "{A94D908A-39E8-4A08-9539-F309AA7B93C8}"
EndProject
Project("{FAE04EC0-301F-11D3-BF4B-00C04F79EFBC}") = "ArchiMVVM", "C:\Users\bguillaumin\Documents\Support de cours\WPF\ArchiMVVM\ArchiMVVM\ArchiMVVM.csproj", "{4778860A-13EE-412F-A3B1-18653A450ACC}"
EndProject
Project("{FAE04EC0-301F-11D3-BF4B-00C04F79EFBC}") = "BandesDessinées", "BandesDessinées\BandesDessinées.csproj", "{9842720E-97D0-4741-AF8A-89FA49672E84}"
EndProject
Global
	GlobalSection(SolutionConfigurationPlatforms) = preSolution
		Debug|Any CPU = Debug|Any CPU
		Release|Any CPU = Release|Any CPU
	EndGlobalSection
	GlobalSection(ProjectConfigurationPlatforms) = postSolution
		{718DDF45-4BCC-440F-A9F2-DE214A9736A7}.Debug|Any CPU.ActiveCfg = Debug|Any CPU
		{718DDF45-4BCC-440F-A9F2-DE214A9736A7}.Debug|Any CPU.Build.0 = Debug|Any CPU
		{718DDF45-4BCC-440F-A9F2-DE214A9736A7}.Release|Any CPU.ActiveCfg = Release|Any CPU
		{718DDF45-4BCC-440F-A9F2-DE214A9736A7}.Release|Any CPU.Build.0 = Release|Any CPU
		{49F89733-B411-4CD7-875B-1319F0826469}.Debug|Any CPU.ActiveCfg = Debug|Any CPU
		{49F89733-B411-4CD7-875B-1319F0826469}.Debug|Any CPU.Build.0 = Debug|Any CPU
		{49F89733-B411-4CD7-875B-1319F0826469}.Release|Any CPU.ActiveCfg = Release|Any CPU
		{49F89733-B411-4CD7-875B-1319F0826469}.Release|Any CPU.Build.0 = Release|Any CPU
		{A249ABAB-631E-43A6-B76C-E0787A9927E8}.Debug|Any CPU.ActiveCfg = Debug|Any CPU
		{A249ABAB-631E-43A6-B76C-E0787A9927E8}.Debug|Any CPU.Build.0 = Debug|Any CPU
		{A249ABAB-631E-43A6-B76C-E0787A9927E8}.Release|Any CPU.ActiveCfg = Release|Any CPU
		{A249ABAB-631E-43A6-B76C-E0787A9927E8}.Release|Any CPU.Build.0 = Release|Any CPU
		{BD3956D5-6AA3-40D1-8AA9-17C1C2BD9ACF}.Debug|Any CPU.ActiveCfg = Debug|Any CPU
		{BD3956D5-6AA3-40D1-8AA9-17C1C2BD9ACF}.Debug|Any CPU.Build.0 = Debug|Any CPU
		{BD3956D5-6AA3-40D1-8AA9-17C1C2BD9ACF}.Release|Any CPU.ActiveCfg = Release|Any CPU
		{BD3956D5-6AA3-40D1-8AA9-17C1C2BD9ACF}.Release|Any CPU.Build.0 = Release|Any CPU
		{A459271C-8983-4252-B2AF-05B9307581CE}.Debug|Any CPU.ActiveCfg = Debug|Any CPU
		{A459271C-8983-4252-B2AF-05B9307581CE}.Debug|Any CPU.Build.0 = Debug|Any CPU
		{A459271C-8983-4252-B2AF-05B9307581CE}.Release|Any CPU.ActiveCfg = Release|Any CPU
		{A459271C-8983-4252-B2AF-05B9307581CE}.Release|Any CPU.Build.0 = Release|Any CPU
		{1503E7BA-32E4-47F5-8FF4-9C7431C1FF84}.Debug|Any CPU.ActiveCfg = Debug|Any CPU
		{1503E7BA-32E4-47F5-8FF4-9C7431C1FF84}.Debug|Any CPU.Build.0 = Debug|Any CPU
		{1503E7BA-32E4-47F5-8FF4-9C7431C1FF84}.Release|Any CPU.ActiveCfg = Release|Any CPU
		{1503E7BA-32E4-47F5-8FF4-9C7431C1FF84}.Release|Any CPU.Build.0 = Release|Any CPU
		{A94D908A-39E8-4A08-9539-F309AA7B93C8}.Debug|Any CPU.ActiveCfg = Debug|Any CPU
		{A94D908A-39E8-4A08-9539-F309AA7B93C8}.Debug|Any CPU.Build.0 = Debug|Any CPU
		{A94D908A-39E8-4A08-9539-F309AA7B93C8}.Release|Any CPU.ActiveCfg = Release|Any CPU
		{A94D908A-39E8-4A08-9539-F309AA7B93C8}.Release|Any CPU.Build.0 = Release|Any CPU
		{4778860A-13EE-412F-A3B1-18653A450ACC}.Debug|Any CPU.ActiveCfg = Debug|Any CPU
		{4778860A-13EE-412F-A3B1-18653A450ACC}.Debug|Any CPU.Build.0 = Debug|Any CPU
		{4778860A-13EE-412F-A3B1-18653A450ACC}.Release|Any CPU.ActiveCfg = Release|Any CPU
		{4778860A-13EE-412F-A3B1-18653A450ACC}.Release|Any CPU.Build.0 = Release|Any CPU
		{9842720E-97D0-4741-AF8A-89FA49672E84}.Debug|Any CPU.ActiveCfg = Debug|Any CPU
		{9842720E-97D0-4741-AF8A-89FA49672E84}.Debug|Any CPU.Build.0 = Debug|Any CPU
		{9842720E-97D0-4741-AF8A-89FA49672E84}.Release|Any CPU.ActiveCfg = Release|Any CPU
		{9842720E-97D0-4741-AF8A-89FA49672E84}.Release|Any CPU.Build.0 = Release|Any CPU
	EndGlobalSection
	GlobalSection(SolutionProperties) = preSolution
		HideSolutionNode = FALSE
	EndGlobalSection
EndGlobal
